<?xml version="1.0" encoding="utf-8"?>
<Project ToolsVersion="4.0" xmlns="http://schemas.microsoft.com/developer/msbuild/2003">
  <ItemGroup>
    <Filter Include="Source Files">
      <UniqueIdentifier>{8381a210-2416-42e8-a24b-062fd5a367b1}</UniqueIdentifier>
      <Extensions>cpp;c;cxx;rc;def;r;odl;idl;hpj;bat</Extensions>
    </Filter>
    <Filter Include="Resource Files">
      <UniqueIdentifier>{57159890-a824-4d57-b1a2-967ff875143f}</UniqueIdentifier>
      <Extensions>ico;cur;bmp;dlg;rc2;rct;bin;rgs;gif;jpg;jpeg;jpe</Extensions>
    </Filter>
    <Filter Include="PhotoshopSDK Source Files">
      <UniqueIdentifier>{e5b1ab05-dbb4-4db3-ac39-c4f2c336f789}</UniqueIdentifier>
    </Filter>
  </ItemGroup>
  <ItemGroup>
    <ClCompile Include="CLR Interface.cpp">
      <Filter>Source Files</Filter>
    </ClCompile>
    <ClCompile Include="SmartGradients.cpp">
      <Filter>Source Files</Filter>
    </ClCompile>
    <ClCompile Include="PlugInHostCommunication.cpp">
      <Filter>Source Files</Filter>
    </ClCompile>
    <ClCompile Include="..\..\dependencies\sources\DialogUtilitiesWin.cpp">
      <Filter>PhotoshopSDK Source Files</Filter>
    </ClCompile>
    <ClCompile Include="..\..\dependencies\sources\FilterBigDocument.cpp">
      <Filter>PhotoshopSDK Source Files</Filter>
    </ClCompile>
    <ClCompile Include="..\..\dependencies\sources\PIDLLInstance.cpp">
      <Filter>PhotoshopSDK Source Files</Filter>
    </ClCompile>
    <ClCompile Include="..\..\dependencies\sources\PIUSuites.cpp">
      <Filter>PhotoshopSDK Source Files</Filter>
    </ClCompile>
    <ClCompile Include="..\..\dependencies\sources\PIUtilities.cpp">
      <Filter>PhotoshopSDK Source Files</Filter>
    </ClCompile>
    <ClCompile Include="..\..\dependencies\sources\PIUtilitiesWin.cpp">
      <Filter>PhotoshopSDK Source Files</Filter>
    </ClCompile>
  </ItemGroup>
  <ItemGroup>
    <ClInclude Include="PlugInHostCommunication.h">
      <Filter>Source Files</Filter>
    </ClInclude>
    <ClInclude Include="SmartGradients.h">
      <Filter>Source Files</Filter>
    </ClInclude>
  </ItemGroup>
  <ItemGroup>
    <CustomBuild Include="SmartGradients.r">
      <Filter>Resource Files</Filter>
    </CustomBuild>
  </ItemGroup>
  <ItemGroup>
    <ResourceCompile Include="SmartGradients.rc">
      <Filter>Resource Files</Filter>
    </ResourceCompile>
  </ItemGroup>
</Project>